// !$*UTF8*$!
{
	archiveVersion = 1;
	classes = {
	};
	objectVersion = 55;
	objects = {

/* Begin PBXBuildFile section */
		849E10E727F7A2D200801633 /* WLTFApp.swift in Sources */ = {isa = PBXBuildFile; fileRef = 849E10E627F7A2D200801633 /* WLTFApp.swift */; };
		849E10E927F7A2D200801633 /* ContentView.swift in Sources */ = {isa = PBXBuildFile; fileRef = 849E10E827F7A2D200801633 /* ContentView.swift */; };
		849E10EB27F7A2D500801633 /* Assets.xcassets in Resources */ = {isa = PBXBuildFile; fileRef = 849E10EA27F7A2D500801633 /* Assets.xcassets */; };
		849E10EE27F7A2D500801633 /* Preview Assets.xcassets in Resources */ = {isa = PBXBuildFile; fileRef = 849E10ED27F7A2D500801633 /* Preview Assets.xcassets */; };
		849E10F027F7A2D500801633 /* Persistence.swift in Sources */ = {isa = PBXBuildFile; fileRef = 849E10EF27F7A2D500801633 /* Persistence.swift */; };
		849E10F327F7A2D500801633 /* WLTF.xcdatamodeld in Sources */ = {isa = PBXBuildFile; fileRef = 849E10F127F7A2D500801633 /* WLTF.xcdatamodeld */; };
		849E10FD27F7A2D500801633 /* WLTFTests.swift in Sources */ = {isa = PBXBuildFile; fileRef = 849E10FC27F7A2D500801633 /* WLTFTests.swift */; };
		849E110727F7A2D500801633 /* WLTFUITests.swift in Sources */ = {isa = PBXBuildFile; fileRef = 849E110627F7A2D500801633 /* WLTFUITests.swift */; };
		849E110927F7A2D500801633 /* WLTFUITestsLaunchTests.swift in Sources */ = {isa = PBXBuildFile; fileRef = 849E110827F7A2D500801633 /* WLTFUITestsLaunchTests.swift */; };
/* End PBXBuildFile section */

/* Begin PBXContainerItemProxy section */
		849E10F927F7A2D500801633 /* PBXContainerItemProxy */ = {
			isa = PBXContainerItemProxy;
			containerPortal = 849E10DB27F7A2D200801633 /* Project object */;
			proxyType = 1;
			remoteGlobalIDString = 849E10E227F7A2D200801633;
			remoteInfo = WLTF;
		};
		849E110327F7A2D500801633 /* PBXContainerItemProxy */ = {
			isa = PBXContainerItemProxy;
			containerPortal = 849E10DB27F7A2D200801633 /* Project object */;
			proxyType = 1;
			remoteGlobalIDString = 849E10E227F7A2D200801633;
			remoteInfo = WLTF;
		};
/* End PBXContainerItemProxy section */

/* Begin PBXFileReference section */
		849E10E327F7A2D200801633 /* WLTF.app */ = {isa = PBXFileReference; explicitFileType = wrapper.application; includeInIndex = 0; path = WLTF.app; sourceTree = BUILT_PRODUCTS_DIR; };
		849E10E627F7A2D200801633 /* WLTFApp.swift */ = {isa = PBXFileReference; lastKnownFileType = sourcecode.swift; path = WLTFApp.swift; sourceTree = "<group>"; };
		849E10E827F7A2D200801633 /* ContentView.swift */ = {isa = PBXFileReference; lastKnownFileType = sourcecode.swift; path = ContentView.swift; sourceTree = "<group>"; };
		849E10EA27F7A2D500801633 /* Assets.xcassets */ = {isa = PBXFileReference; lastKnownFileType = folder.assetcatalog; path = Assets.xcassets; sourceTree = "<group>"; };
		849E10ED27F7A2D500801633 /* Preview Assets.xcassets */ = {isa = PBXFileReference; lastKnownFileType = folder.assetcatalog; path = "Preview Assets.xcassets"; sourceTree = "<group>"; };
		849E10EF27F7A2D500801633 /* Persistence.swift */ = {isa = PBXFileReference; lastKnownFileType = sourcecode.swift; path = Persistence.swift; sourceTree = "<group>"; };
		849E10F227F7A2D500801633 /* WLTF.xcdatamodel */ = {isa = PBXFileReference; lastKnownFileType = wrapper.xcdatamodel; path = WLTF.xcdatamodel; sourceTree = "<group>"; };
		849E10F827F7A2D500801633 /* WLTFTests.xctest */ = {isa = PBXFileReference; explicitFileType = wrapper.cfbundle; includeInIndex = 0; path = WLTFTests.xctest; sourceTree = BUILT_PRODUCTS_DIR; };
		849E10FC27F7A2D500801633 /* WLTFTests.swift */ = {isa = PBXFileReference; lastKnownFileType = sourcecode.swift; path = WLTFTests.swift; sourceTree = "<group>"; };
		849E110227F7A2D500801633 /* WLTFUITests.xctest */ = {isa = PBXFileReference; explicitFileType = wrapper.cfbundle; includeInIndex = 0; path = WLTFUITests.xctest; sourceTree = BUILT_PRODUCTS_DIR; };
		849E110627F7A2D500801633 /* WLTFUITests.swift */ = {isa = PBXFileReference; lastKnownFileType = sourcecode.swift; path = WLTFUITests.swift; sourceTree = "<group>"; };
		849E110827F7A2D500801633 /* WLTFUITestsLaunchTests.swift */ = {isa = PBXFileReference; lastKnownFileType = sourcecode.swift; path = WLTFUITestsLaunchTests.swift; sourceTree = "<group>"; };
/* End PBXFileReference section */

/* Begin PBXFrameworksBuildPhase section */
		849E10E027F7A2D200801633 /* Frameworks */ = {
			isa = PBXFrameworksBuildPhase;
			buildActionMask = 2147483647;
			files = (
			);
			runOnlyForDeploymentPostprocessing = 0;
		};
		849E10F527F7A2D500801633 /* Frameworks */ = {
			isa = PBXFrameworksBuildPhase;
			buildActionMask = 2147483647;
			files = (
			);
			runOnlyForDeploymentPostprocessing = 0;
		};
		849E10FF27F7A2D500801633 /* Frameworks */ = {
			isa = PBXFrameworksBuildPhase;
			buildActionMask = 2147483647;
			files = (
			);
			runOnlyForDeploymentPostprocessing = 0;
		};
/* End PBXFrameworksBuildPhase section */

/* Begin PBXGroup section */
		849E10DA27F7A2D200801633 = {
			isa = PBXGroup;
			children = (
				849E10E527F7A2D200801633 /* WLTF */,
				849E10FB27F7A2D500801633 /* WLTFTests */,
				849E110527F7A2D500801633 /* WLTFUITests */,
				849E10E427F7A2D200801633 /* Products */,
			);
			sourceTree = "<group>";
		};
		849E10E427F7A2D200801633 /* Products */ = {
			isa = PBXGroup;
			children = (
				849E10E327F7A2D200801633 /* WLTF.app */,
				849E10F827F7A2D500801633 /* WLTFTests.xctest */,
				849E110227F7A2D500801633 /* WLTFUITests.xctest */,
			);
			name = Products;
			sourceTree = "<group>";
		};
		849E10E527F7A2D200801633 /* WLTF */ = {
			isa = PBXGroup;
			children = (
				849E10E627F7A2D200801633 /* WLTFApp.swift */,
				849E10E827F7A2D200801633 /* ContentView.swift */,
				849E10EA27F7A2D500801633 /* Assets.xcassets */,
				849E10EF27F7A2D500801633 /* Persistence.swift */,
				849E10F127F7A2D500801633 /* WLTF.xcdatamodeld */,
				849E10EC27F7A2D500801633 /* Preview Content */,
			);
			path = WLTF;
			sourceTree = "<group>";
		};
		849E10EC27F7A2D500801633 /* Preview Content */ = {
			isa = PBXGroup;
			children = (
				849E10ED27F7A2D500801633 /* Preview Assets.xcassets */,
			);
			path = "Preview Content";
			sourceTree = "<group>";
		};
		849E10FB27F7A2D500801633 /* WLTFTests */ = {
			isa = PBXGroup;
			children = (
				849E10FC27F7A2D500801633 /* WLTFTests.swift */,
			);
			path = WLTFTests;
			sourceTree = "<group>";
		};
		849E110527F7A2D500801633 /* WLTFUITests */ = {
			isa = PBXGroup;
			children = (
				849E110627F7A2D500801633 /* WLTFUITests.swift */,
				849E110827F7A2D500801633 /* WLTFUITestsLaunchTests.swift */,
			);
			path = WLTFUITests;
			sourceTree = "<group>";
		};
/* End PBXGroup section */

/* Begin PBXNativeTarget section */
		849E10E227F7A2D200801633 /* WLTF */ = {
			isa = PBXNativeTarget;
			buildConfigurationList = 849E110C27F7A2D500801633 /* Build configuration list for PBXNativeTarget "WLTF" */;
			buildPhases = (
				849E10DF27F7A2D200801633 /* Sources */,
				849E10E027F7A2D200801633 /* Frameworks */,
				849E10E127F7A2D200801633 /* Resources */,
			);
			buildRules = (
			);
			dependencies = (
			);
			name = WLTF;
			productName = WLTF;
			productReference = 849E10E327F7A2D200801633 /* WLTF.app */;
			productType = "com.apple.product-type.application";
		};
		849E10F727F7A2D500801633 /* WLTFTests */ = {
			isa = PBXNativeTarget;
			buildConfigurationList = 849E110F27F7A2D500801633 /* Build configuration list for PBXNativeTarget "WLTFTests" */;
			buildPhases = (
				849E10F427F7A2D500801633 /* Sources */,
				849E10F527F7A2D500801633 /* Frameworks */,
				849E10F627F7A2D500801633 /* Resources */,
			);
			buildRules = (
			);
			dependencies = (
				849E10FA27F7A2D500801633 /* PBXTargetDependency */,
			);
			name = WLTFTests;
			productName = WLTFTests;
			productReference = 849E10F827F7A2D500801633 /* WLTFTests.xctest */;
			productType = "com.apple.product-type.bundle.unit-test";
		};
		849E110127F7A2D500801633 /* WLTFUITests */ = {
			isa = PBXNativeTarget;
			buildConfigurationList = 849E111227F7A2D500801633 /* Build configuration list for PBXNativeTarget "WLTFUITests" */;
			buildPhases = (
				849E10FE27F7A2D500801633 /* Sources */,
				849E10FF27F7A2D500801633 /* Frameworks */,
				849E110027F7A2D500801633 /* Resources */,
			);
			buildRules = (
			);
			dependencies = (
				849E110427F7A2D500801633 /* PBXTargetDependency */,
			);
			name = WLTFUITests;
			productName = WLTFUITests;
			productReference = 849E110227F7A2D500801633 /* WLTFUITests.xctest */;
			productType = "com.apple.product-type.bundle.ui-testing";
		};
/* End PBXNativeTarget section */

/* Begin PBXProject section */
		849E10DB27F7A2D200801633 /* Project object */ = {
			isa = PBXProject;
			attributes = {
				BuildIndependentTargetsInParallel = 1;
				LastSwiftUpdateCheck = 1330;
				LastUpgradeCheck = 1330;
				TargetAttributes = {
					849E10E227F7A2D200801633 = {
						CreatedOnToolsVersion = 13.3;
					};
					849E10F727F7A2D500801633 = {
						CreatedOnToolsVersion = 13.3;
						TestTargetID = 849E10E227F7A2D200801633;
					};
					849E110127F7A2D500801633 = {
						CreatedOnToolsVersion = 13.3;
						TestTargetID = 849E10E227F7A2D200801633;
					};
				};
			};
			buildConfigurationList = 849E10DE27F7A2D200801633 /* Build configuration list for PBXProject "WLTF" */;
			compatibilityVersion = "Xcode 13.0";
			developmentRegion = en;
			hasScannedForEncodings = 0;
			knownRegions = (
				en,
				Base,
			);
			mainGroup = 849E10DA27F7A2D200801633;
			productRefGroup = 849E10E427F7A2D200801633 /* Products */;
			projectDirPath = "";
			projectRoot = "";
			targets = (
				849E10E227F7A2D200801633 /* WLTF */,
				849E10F727F7A2D500801633 /* WLTFTests */,
				849E110127F7A2D500801633 /* WLTFUITests */,
			);
		};
/* End PBXProject section */

/* Begin PBXResourcesBuildPhase section */
		849E10E127F7A2D200801633 /* Resources */ = {
			isa = PBXResourcesBuildPhase;
			buildActionMask = 2147483647;
			files = (
				849E10EE27F7A2D500801633 /* Preview Assets.xcassets in Resources */,
				849E10EB27F7A2D500801633 /* Assets.xcassets in Resources */,
			);
			runOnlyForDeploymentPostprocessing = 0;
		};
		849E10F627F7A2D500801633 /* Resources */ = {
			isa = PBXResourcesBuildPhase;
			buildActionMask = 2147483647;
			files = (
			);
			runOnlyForDeploymentPostprocessing = 0;
		};
		849E110027F7A2D500801633 /* Resources */ = {
			isa = PBXResourcesBuildPhase;
			buildActionMask = 2147483647;
			files = (
			);
			runOnlyForDeploymentPostprocessing = 0;
		};
/* End PBXResourcesBuildPhase section */

/* Begin PBXSourcesBuildPhase section */
		849E10DF27F7A2D200801633 /* Sources */ = {
			isa = PBXSourcesBuildPhase;
			buildActionMask = 2147483647;
			files = (
				849E10F027F7A2D500801633 /* Persistence.swift in Sources */,
				849E10E927F7A2D200801633 /* ContentView.swift in Sources */,
				849E10F327F7A2D500801633 /* WLTF.xcdatamodeld in Sources */,
				849E10E727F7A2D200801633 /* WLTFApp.swift in Sources */,
			);
			runOnlyForDeploymentPostprocessing = 0;
		};
		849E10F427F7A2D500801633 /* Sources */ = {
			isa = PBXSourcesBuildPhase;
			buildActionMask = 2147483647;
			files = (
				849E10FD27F7A2D500801633 /* WLTFTests.swift in Sources */,
			);
			runOnlyForDeploymentPostprocessing = 0;
		};
		849E10FE27F7A2D500801633 /* Sources */ = {
			isa = PBXSourcesBuildPhase;
			buildActionMask = 2147483647;
			files = (
				849E110727F7A2D500801633 /* WLTFUITests.swift in Sources */,
				849E110927F7A2D500801633 /* WLTFUITestsLaunchTests.swift in Sources */,
			);
			runOnlyForDeploymentPostprocessing = 0;
		};
/* End PBXSourcesBuildPhase section */

/* Begin PBXTargetDependency section */
		849E10FA27F7A2D500801633 /* PBXTargetDependency */ = {
			isa = PBXTargetDependency;
			target = 849E10E227F7A2D200801633 /* WLTF */;
			targetProxy = 849E10F927F7A2D500801633 /* PBXContainerItemProxy */;
		};
		849E110427F7A2D500801633 /* PBXTargetDependency */ = {
			isa = PBXTargetDependency;
			target = 849E10E227F7A2D200801633 /* WLTF */;
			targetProxy = 849E110327F7A2D500801633 /* PBXContainerItemProxy */;
		};
/* End PBXTargetDependency section */

/* Begin XCBuildConfiguration section */
		849E110A27F7A2D500801633 /* Debug */ = {
			isa = XCBuildConfiguration;
			buildSettings = {
				ALWAYS_SEARCH_USER_PATHS = NO;
				CLANG_ANALYZER_NONNULL = YES;
				CLANG_ANALYZER_NUMBER_OBJECT_CONVERSION = YES_AGGRESSIVE;
				CLANG_CXX_LANGUAGE_STANDARD = "gnu++17";
				CLANG_ENABLE_MODULES = YES;
				CLANG_ENABLE_OBJC_ARC = YES;
				CLANG_ENABLE_OBJC_WEAK = YES;
				CLANG_WARN_BLOCK_CAPTURE_AUTORELEASING = YES;
				CLANG_WARN_BOOL_CONVERSION = YES;
				CLANG_WARN_COMMA = YES;
				CLANG_WARN_CONSTANT_CONVERSION = YES;
				CLANG_WARN_DEPRECATED_OBJC_IMPLEMENTATIONS = YES;
				CLANG_WARN_DIRECT_OBJC_ISA_USAGE = YES_ERROR;
				CLANG_WARN_DOCUMENTATION_COMMENTS = YES;
				CLANG_WARN_EMPTY_BODY = YES;
				CLANG_WARN_ENUM_CONVERSION = YES;
				CLANG_WARN_INFINITE_RECURSION = YES;
				CLANG_WARN_INT_CONVERSION = YES;
				CLANG_WARN_NON_LITERAL_NULL_CONVERSION = YES;
				CLANG_WARN_OBJC_IMPLICIT_RETAIN_SELF = YES;
				CLANG_WARN_OBJC_LITERAL_CONVERSION = YES;
				CLANG_WARN_OBJC_ROOT_CLASS = YES_ERROR;
				CLANG_WARN_QUOTED_INCLUDE_IN_FRAMEWORK_HEADER = YES;
				CLANG_WARN_RANGE_LOOP_ANALYSIS = YES;
				CLANG_WARN_STRICT_PROTOTYPES = YES;
				CLANG_WARN_SUSPICIOUS_MOVE = YES;
				CLANG_WARN_UNGUARDED_AVAILABILITY = YES_AGGRESSIVE;
				CLANG_WARN_UNREACHABLE_CODE = YES;
				CLANG_WARN__DUPLICATE_METHOD_MATCH = YES;
				COPY_PHASE_STRIP = NO;
				DEBUG_INFORMATION_FORMAT = dwarf;
				ENABLE_STRICT_OBJC_MSGSEND = YES;
				ENABLE_TESTABILITY = YES;
				GCC_C_LANGUAGE_STANDARD = gnu11;
				GCC_DYNAMIC_NO_PIC = NO;
				GCC_NO_COMMON_BLOCKS = YES;
				GCC_OPTIMIZATION_LEVEL = 0;
				GCC_PREPROCESSOR_DEFINITIONS = (
					"DEBUG=1",
					"$(inherited)",
				);
				GCC_WARN_64_TO_32_BIT_CONVERSION = YES;
				GCC_WARN_ABOUT_RETURN_TYPE = YES_ERROR;
				GCC_WARN_UNDECLARED_SELECTOR = YES;
				GCC_WARN_UNINITIALIZED_AUTOS = YES_AGGRESSIVE;
				GCC_WARN_UNUSED_FUNCTION = YES;
				GCC_WARN_UNUSED_VARIABLE = YES;
				IPHONEOS_DEPLOYMENT_TARGET = 15.4;
				MTL_ENABLE_DEBUG_INFO = INCLUDE_SOURCE;
				MTL_FAST_MATH = YES;
				ONLY_ACTIVE_ARCH = YES;
				SDKROOT = iphoneos;
				SWIFT_ACTIVE_COMPILATION_CONDITIONS = DEBUG;
				SWIFT_OPTIMIZATION_LEVEL = "-Onone";
			};
			name = Debug;
		};
		849E110B27F7A2D500801633 /* Release */ = {
			isa = XCBuildConfiguration;
			buildSettings = {
				ALWAYS_SEARCH_USER_PATHS = NO;
				CLANG_ANALYZER_NONNULL = YES;
				CLANG_ANALYZER_NUMBER_OBJECT_CONVERSION = YES_AGGRESSIVE;
				CLANG_CXX_LANGUAGE_STANDARD = "gnu++17";
				CLANG_ENABLE_MODULES = YES;
				CLANG_ENABLE_OBJC_ARC = YES;
				CLANG_ENABLE_OBJC_WEAK = YES;
				CLANG_WARN_BLOCK_CAPTURE_AUTORELEASING = YES;
				CLANG_WARN_BOOL_CONVERSION = YES;
				CLANG_WARN_COMMA = YES;
				CLANG_WARN_CONSTANT_CONVERSION = YES;
				CLANG_WARN_DEPRECATED_OBJC_IMPLEMENTATIONS = YES;
				CLANG_WARN_DIRECT_OBJC_ISA_USAGE = YES_ERROR;
				CLANG_WARN_DOCUMENTATION_COMMENTS = YES;
				CLANG_WARN_EMPTY_BODY = YES;
				CLANG_WARN_ENUM_CONVERSION = YES;
				CLANG_WARN_INFINITE_RECURSION = YES;
				CLANG_WARN_INT_CONVERSION = YES;
				CLANG_WARN_NON_LITERAL_NULL_CONVERSION = YES;
				CLANG_WARN_OBJC_IMPLICIT_RETAIN_SELF = YES;
				CLANG_WARN_OBJC_LITERAL_CONVERSION = YES;
				CLANG_WARN_OBJC_ROOT_CLASS = YES_ERROR;
				CLANG_WARN_QUOTED_INCLUDE_IN_FRAMEWORK_HEADER = YES;
				CLANG_WARN_RANGE_LOOP_ANALYSIS = YES;
				CLANG_WARN_STRICT_PROTOTYPES = YES;
				CLANG_WARN_SUSPICIOUS_MOVE = YES;
				CLANG_WARN_UNGUARDED_AVAILABILITY = YES_AGGRESSIVE;
				CLANG_WARN_UNREACHABLE_CODE = YES;
				CLANG_WARN__DUPLICATE_METHOD_MATCH = YES;
				COPY_PHASE_STRIP = NO;
				DEBUG_INFORMATION_FORMAT = "dwarf-with-dsym";
				ENABLE_NS_ASSERTIONS = NO;
				ENABLE_STRICT_OBJC_MSGSEND = YES;
				GCC_C_LANGUAGE_STANDARD = gnu11;
				GCC_NO_COMMON_BLOCKS = YES;
				GCC_WARN_64_TO_32_BIT_CONVERSION = YES;
				GCC_WARN_ABOUT_RETURN_TYPE = YES_ERROR;
				GCC_WARN_UNDECLARED_SELECTOR = YES;
				GCC_WARN_UNINITIALIZED_AUTOS = YES_AGGRESSIVE;
				GCC_WARN_UNUSED_FUNCTION = YES;
				GCC_WARN_UNUSED_VARIABLE = YES;
				IPHONEOS_DEPLOYMENT_TARGET = 15.4;
				MTL_ENABLE_DEBUG_INFO = NO;
				MTL_FAST_MATH = YES;
				SDKROOT = iphoneos;
				SWIFT_COMPILATION_MODE = wholemodule;
				SWIFT_OPTIMIZATION_LEVEL = "-O";
				VALIDATE_PRODUCT = YES;
			};
			name = Release;
		};
		849E110D27F7A2D500801633 /* Debug */ = {
			isa = XCBuildConfiguration;
			buildSettings = {
				ASSETCATALOG_COMPILER_APPICON_NAME = AppIcon;
				ASSETCATALOG_COMPILER_GLOBAL_ACCENT_COLOR_NAME = AccentColor;
				CODE_SIGN_STYLE = Automatic;
				CURRENT_PROJECT_VERSION = 1;
				DEVELOPMENT_ASSET_PATHS = "\"WLTF/Preview Content\"";
				ENABLE_PREVIEWS = YES;
				GENERATE_INFOPLIST_FILE = YES;
				INFOPLIST_KEY_UIApplicationSceneManifest_Generation = YES;
				INFOPLIST_KEY_UIApplicationSupportsIndirectInputEvents = YES;
				INFOPLIST_KEY_UILaunchScreen_Generation = YES;
				INFOPLIST_KEY_UISupportedInterfaceOrientations_iPad = "UIInterfaceOrientationPortrait UIInterfaceOrientationPortraitUpsideDown UIInterfaceOrientationLandscapeLeft UIInterfaceOrientationLandscapeRight";
				INFOPLIST_KEY_UISupportedInterfaceOrientations_iPhone = "UIInterfaceOrientationPortrait UIInterfaceOrientationLandscapeLeft UIInterfaceOrientationLandscapeRight";
				LD_RUNPATH_SEARCH_PATHS = (
					"$(inherited)",
					"@executable_path/Frameworks",
				);
				MARKETING_VERSION = 1.0;
				PRODUCT_BUNDLE_IDENTIFIER = FridgeBoys.WLTF;
				PRODUCT_NAME = "$(TARGET_NAME)";
				SWIFT_EMIT_LOC_STRINGS = YES;
				SWIFT_VERSION = 5.0;
				TARGETED_DEVICE_FAMILY = "1,2";
			};
			name = Debug;
		};
		849E110E27F7A2D500801633 /* Release */ = {
			isa = XCBuildConfiguration;
			buildSettings = {
				ASSETCATALOG_COMPILER_APPICON_NAME = AppIcon;
				ASSETCATALOG_COMPILER_GLOBAL_ACCENT_COLOR_NAME = AccentColor;
				CODE_SIGN_STYLE = Automatic;
				CURRENT_PROJECT_VERSION = 1;
				DEVELOPMENT_ASSET_PATHS = "\"WLTF/Preview Content\"";
				ENABLE_PREVIEWS = YES;
				GENERATE_INFOPLIST_FILE = YES;
				INFOPLIST_KEY_UIApplicationSceneManifest_Generation = YES;
				INFOPLIST_KEY_UIApplicationSupportsIndirectInputEvents = YES;
				INFOPLIST_KEY_UILaunchScreen_Generation = YES;
				INFOPLIST_KEY_UISupportedInterfaceOrientations_iPad = "UIInterfaceOrientationPortrait UIInterfaceOrientationPortraitUpsideDown UIInterfaceOrientationLandscapeLeft UIInterfaceOrientationLandscapeRight";
				INFOPLIST_KEY_UISupportedInterfaceOrientations_iPhone = "UIInterfaceOrientationPortrait UIInterfaceOrientationLandscapeLeft UIInterfaceOrientationLandscapeRight";
				LD_RUNPATH_SEARCH_PATHS = (
					"$(inherited)",
					"@executable_path/Frameworks",
				);
				MARKETING_VERSION = 1.0;
				PRODUCT_BUNDLE_IDENTIFIER = FridgeBoys.WLTF;
				PRODUCT_NAME = "$(TARGET_NAME)";
				SWIFT_EMIT_LOC_STRINGS = YES;
				SWIFT_VERSION = 5.0;
				TARGETED_DEVICE_FAMILY = "1,2";
			};
			name = Release;
		};
		849E111027F7A2D500801633 /* Debug */ = {
			isa = XCBuildConfiguration;
			buildSettings = {
				ALWAYS_EMBED_SWIFT_STANDARD_LIBRARIES = YES;
				BUNDLE_LOADER = "$(TEST_HOST)";
				CODE_SIGN_STYLE = Automatic;
				CURRENT_PROJECT_VERSION = 1;
				GENERATE_INFOPLIST_FILE = YES;
				IPHONEOS_DEPLOYMENT_TARGET = 15.4;
				MARKETING_VERSION = 1.0;
				PRODUCT_BUNDLE_IDENTIFIER = FridgeBoys.WLTFTests;
				PRODUCT_NAME = "$(TARGET_NAME)";
				SWIFT_EMIT_LOC_STRINGS = NO;
				SWIFT_VERSION = 5.0;
				TARGETED_DEVICE_FAMILY = "1,2";
				TEST_HOST = "$(BUILT_PRODUCTS_DIR)/WLTF.app/WLTF";
			};
			name = Debug;
		};
		849E111127F7A2D500801633 /* Release */ = {
			isa = XCBuildConfiguration;
			buildSettings = {
				ALWAYS_EMBED_SWIFT_STANDARD_LIBRARIES = YES;
				BUNDLE_LOADER = "$(TEST_HOST)";
				CODE_SIGN_STYLE = Automatic;
				CURRENT_PROJECT_VERSION = 1;
				GENERATE_INFOPLIST_FILE = YES;
				IPHONEOS_DEPLOYMENT_TARGET = 15.4;
				MARKETING_VERSION = 1.0;
				PRODUCT_BUNDLE_IDENTIFIER = FridgeBoys.WLTFTests;
				PRODUCT_NAME = "$(TARGET_NAME)";
				SWIFT_EMIT_LOC_STRINGS = NO;
				SWIFT_VERSION = 5.0;
				TARGETED_DEVICE_FAMILY = "1,2";
				TEST_HOST = "$(BUILT_PRODUCTS_DIR)/WLTF.app/WLTF";
			};
			name = Release;
		};
		849E111327F7A2D500801633 /* Debug */ = {
			isa = XCBuildConfiguration;
			buildSettings = {
				ALWAYS_EMBED_SWIFT_STANDARD_LIBRARIES = YES;
				CODE_SIGN_STYLE = Automatic;
				CURRENT_PROJECT_VERSION = 1;
				GENERATE_INFOPLIST_FILE = YES;
				MARKETING_VERSION = 1.0;
				PRODUCT_BUNDLE_IDENTIFIER = FridgeBoys.WLTFUITests;
				PRODUCT_NAME = "$(TARGET_NAME)";
				SWIFT_EMIT_LOC_STRINGS = NO;
				SWIFT_VERSION = 5.0;
				TARGETED_DEVICE_FAMILY = "1,2";
				TEST_TARGET_NAME = WLTF;
			};
			name = Debug;
		};
		849E111427F7A2D500801633 /* Release */ = {
			isa = XCBuildConfiguration;
			buildSettings = {
				ALWAYS_EMBED_SWIFT_STANDARD_LIBRARIES = YES;
				CODE_SIGN_STYLE = Automatic;
				CURRENT_PROJECT_VERSION = 1;
				GENERATE_INFOPLIST_FILE = YES;
				MARKETING_VERSION = 1.0;
				PRODUCT_BUNDLE_IDENTIFIER = FridgeBoys.WLTFUITests;
				PRODUCT_NAME = "$(TARGET_NAME)";
				SWIFT_EMIT_LOC_STRINGS = NO;
				SWIFT_VERSION = 5.0;
				TARGETED_DEVICE_FAMILY = "1,2";
				TEST_TARGET_NAME = WLTF;
			};
			name = Release;
		};
/* End XCBuildConfiguration section */

/* Begin XCConfigurationList section */
		849E10DE27F7A2D200801633 /* Build configuration list for PBXProject "WLTF" */ = {
			isa = XCConfigurationList;
			buildConfigurations = (
				849E110A27F7A2D500801633 /* Debug */,
				849E110B27F7A2D500801633 /* Release */,
			);
			defaultConfigurationIsVisible = 0;
			defaultConfigurationName = Release;
		};
		849E110C27F7A2D500801633 /* Build configuration list for PBXNativeTarget "WLTF" */ = {
			isa = XCConfigurationList;
			buildConfigurations = (
				849E110D27F7A2D500801633 /* Debug */,
				849E110E27F7A2D500801633 /* Release */,
			);
			defaultConfigurationIsVisible = 0;
			defaultConfigurationName = Release;
		};
		849E110F27F7A2D500801633 /* Build configuration list for PBXNativeTarget "WLTFTests" */ = {
			isa = XCConfigurationList;
			buildConfigurations = (
				849E111027F7A2D500801633 /* Debug */,
				849E111127F7A2D500801633 /* Release */,
			);
			defaultConfigurationIsVisible = 0;
			defaultConfigurationName = Release;
		};
		849E111227F7A2D500801633 /* Build configuration list for PBXNativeTarget "WLTFUITests" */ = {
			isa = XCConfigurationList;
			buildConfigurations = (
				849E111327F7A2D500801633 /* Debug */,
				849E111427F7A2D500801633 /* Release */,
			);
			defaultConfigurationIsVisible = 0;
			defaultConfigurationName = Release;
		};
/* End XCConfigurationList section */

/* Begin XCVersionGroup section */
		849E10F127F7A2D500801633 /* WLTF.xcdatamodeld */ = {
			isa = XCVersionGroup;
			children = (
				849E10F227F7A2D500801633 /* WLTF.xcdatamodel */,
			);
			currentVersion = 849E10F227F7A2D500801633 /* WLTF.xcdatamodel */;
			path = WLTF.xcdatamodeld;
			sourceTree = "<group>";
			versionGroupType = wrapper.xcdatamodel;
		};
/* End XCVersionGroup section */
	};
	rootObject = 849E10DB27F7A2D200801633 /* Project object */;
}
