// !$*UTF8*$!
{
	archiveVersion = 1;
	classes = {
	};
	objectVersion = 55;
	objects = {

/* Begin PBXBuildFile section */
		6A0CEAAE280DB0690086938B /* ShoppingList.swift in Sources */ = {isa = PBXBuildFile; fileRef = 6A0CEAAD280DB0690086938B /* ShoppingList.swift */; };
		6A0CEAB0280DB0CC0086938B /* DishMain.swift in Sources */ = {isa = PBXBuildFile; fileRef = 6A0CEAAF280DB0CC0086938B /* DishMain.swift */; };
		6A0CEAB2280DB5120086938B /* TabViews.swift in Sources */ = {isa = PBXBuildFile; fileRef = 6A0CEAB1280DB5120086938B /* TabViews.swift */; };
		6A0CEAB52810340B0086938B /* NotesUI.swift in Sources */ = {isa = PBXBuildFile; fileRef = 6A0CEAB42810340B0086938B /* NotesUI.swift */; };
		6A0CEAB92811FB9B0086938B /* EditAlert.swift in Sources */ = {isa = PBXBuildFile; fileRef = 6A0CEAB82811FB9B0086938B /* EditAlert.swift */; };
		6A0CEABD2815B74B0086938B /* Settings.swift in Sources */ = {isa = PBXBuildFile; fileRef = 6A0CEABC2815B74B0086938B /* Settings.swift */; };
		6A0CEAC32816DEFA0086938B /* DishCard.swift in Sources */ = {isa = PBXBuildFile; fileRef = 6A0CEAC22816DEFA0086938B /* DishCard.swift */; };
		6A1830A127FB8DA9005FF721 /* MapView.swift in Sources */ = {isa = PBXBuildFile; fileRef = 6A1830A027FB8DA9005FF721 /* MapView.swift */; };
		6A1830A327FC4239005FF721 /* foodData.json in Resources */ = {isa = PBXBuildFile; fileRef = 6A1830A227FC4239005FF721 /* foodData.json */; };
		6A1830A727FC4291005FF721 /* FoodStruct.swift in Sources */ = {isa = PBXBuildFile; fileRef = 6A1830A627FC4291005FF721 /* FoodStruct.swift */; };
		6A1830B027FC47AB005FF721 /* FoodModelData.swift in Sources */ = {isa = PBXBuildFile; fileRef = 6A1830AF27FC47AB005FF721 /* FoodModelData.swift */; };
		6A1830B327FC4907005FF721 /* FoodRow.swift in Sources */ = {isa = PBXBuildFile; fileRef = 6A1830B227FC4907005FF721 /* FoodRow.swift */; };
		6A1AAAE227F920280084D06D /* WLTFApp.swift in Sources */ = {isa = PBXBuildFile; fileRef = 6A1AAAE127F920280084D06D /* WLTFApp.swift */; };
		6A1AAAE427F920280084D06D /* ContentView.swift in Sources */ = {isa = PBXBuildFile; fileRef = 6A1AAAE327F920280084D06D /* ContentView.swift */; };
		6A1AAAE627F9202A0084D06D /* Assets.xcassets in Resources */ = {isa = PBXBuildFile; fileRef = 6A1AAAE527F9202A0084D06D /* Assets.xcassets */; };
		6A1AAAE927F9202A0084D06D /* Preview Assets.xcassets in Resources */ = {isa = PBXBuildFile; fileRef = 6A1AAAE827F9202A0084D06D /* Preview Assets.xcassets */; };
		6A1AAAEB27F9202A0084D06D /* Persistence.swift in Sources */ = {isa = PBXBuildFile; fileRef = 6A1AAAEA27F9202A0084D06D /* Persistence.swift */; };
		6A1AAAF827F9202A0084D06D /* WLTFTests.swift in Sources */ = {isa = PBXBuildFile; fileRef = 6A1AAAF727F9202A0084D06D /* WLTFTests.swift */; };
		6A1AAB0227F9202A0084D06D /* WLTFUITests.swift in Sources */ = {isa = PBXBuildFile; fileRef = 6A1AAB0127F9202A0084D06D /* WLTFUITests.swift */; };
		6A1AAB0427F9202A0084D06D /* WLTFUITestsLaunchTests.swift in Sources */ = {isa = PBXBuildFile; fileRef = 6A1AAB0327F9202A0084D06D /* WLTFUITestsLaunchTests.swift */; };
		6A94FAC42817040800127728 /* DishAdd.swift in Sources */ = {isa = PBXBuildFile; fileRef = 6A94FAC32817040800127728 /* DishAdd.swift */; };
		6AA5A153281820E000C2E7D8 /* DishDetail.swift in Sources */ = {isa = PBXBuildFile; fileRef = 6AA5A152281820E000C2E7D8 /* DishDetail.swift */; };
		6AA5A15528198E2E00C2E7D8 /* RemainingCircle.swift in Sources */ = {isa = PBXBuildFile; fileRef = 6AA5A15428198E2E00C2E7D8 /* RemainingCircle.swift */; };
		6AA5A1572819DBBB00C2E7D8 /* MapScreen.swift in Sources */ = {isa = PBXBuildFile; fileRef = 6AA5A1562819DBBB00C2E7D8 /* MapScreen.swift */; };
		6AA5A15B2819DD9300C2E7D8 /* MapViewModel.swift in Sources */ = {isa = PBXBuildFile; fileRef = 6AA5A15A2819DD9300C2E7D8 /* MapViewModel.swift */; };
		6AA5A15D2819F04A00C2E7D8 /* LocationStruct.swift in Sources */ = {isa = PBXBuildFile; fileRef = 6AA5A15C2819F04A00C2E7D8 /* LocationStruct.swift */; };
		6AB93E6127FC808A003D601F /* FridgeList.swift in Sources */ = {isa = PBXBuildFile; fileRef = 6AB93E6027FC808A003D601F /* FridgeList.swift */; };
		6AB93E6327FC88A6003D601F /* FoodDetail.swift in Sources */ = {isa = PBXBuildFile; fileRef = 6AB93E6227FC88A6003D601F /* FoodDetail.swift */; };
		6ACEBD6028045989006C93A8 /* FoodImgFunc.swift in Sources */ = {isa = PBXBuildFile; fileRef = 6ACEBD5F28045989006C93A8 /* FoodImgFunc.swift */; };
		6ACEBD6228045EE4006C93A8 /* AddFoodList.swift in Sources */ = {isa = PBXBuildFile; fileRef = 6ACEBD6128045EE4006C93A8 /* AddFoodList.swift */; };
		6ACEBD642805916D006C93A8 /* AddListItem.swift in Sources */ = {isa = PBXBuildFile; fileRef = 6ACEBD632805916D006C93A8 /* AddListItem.swift */; };
		6ADB2E9027FCA32900A8E475 /* ClosedFridgeScreen.swift in Sources */ = {isa = PBXBuildFile; fileRef = 6ADB2E8F27FCA32900A8E475 /* ClosedFridgeScreen.swift */; };
		6ADB2E9227FDDCCC00A8E475 /* InsideFridgeScreen.swift in Sources */ = {isa = PBXBuildFile; fileRef = 6ADB2E9127FDDCCC00A8E475 /* InsideFridgeScreen.swift */; };
		6ADB2E9427FDDD9500A8E475 /* CircleImage.swift in Sources */ = {isa = PBXBuildFile; fileRef = 6ADB2E9327FDDD9500A8E475 /* CircleImage.swift */; };
		6ADB2E9627FDE01700A8E475 /* AddFoodScreen.swift in Sources */ = {isa = PBXBuildFile; fileRef = 6ADB2E9527FDE01700A8E475 /* AddFoodScreen.swift */; };
		6ADB2E9827FE090500A8E475 /* FoodGrid.swift in Sources */ = {isa = PBXBuildFile; fileRef = 6ADB2E9727FE090500A8E475 /* FoodGrid.swift */; };
		8400B48028180B3B000FAF99 /* SimpleToast in Frameworks */ = {isa = PBXBuildFile; productRef = 8400B47F28180B3B000FAF99 /* SimpleToast */; };
		8403E032280F07FC00683C76 /* AddToBuyScreen.swift in Sources */ = {isa = PBXBuildFile; fileRef = 8403E031280F07FC00683C76 /* AddToBuyScreen.swift */; };
		8403E034280F16DE00683C76 /* ShoppingStruct.swift in Sources */ = {isa = PBXBuildFile; fileRef = 8403E033280F16DE00683C76 /* ShoppingStruct.swift */; };
		843C853F281998CD001D5AF6 /* LaunchScreen.storyboard in Resources */ = {isa = PBXBuildFile; fileRef = 843C853E281998CD001D5AF6 /* LaunchScreen.storyboard */; };
		846A8061281BFC6D00589663 /* SpeechTest.swift in Sources */ = {isa = PBXBuildFile; fileRef = 846A8060281BFC6D00589663 /* SpeechTest.swift */; };
		846A8063281BFD0B00589663 /* MicManager.swift in Sources */ = {isa = PBXBuildFile; fileRef = 846A8062281BFD0B00589663 /* MicManager.swift */; };
		846A8065281C078E00589663 /* SpeechManager.swift in Sources */ = {isa = PBXBuildFile; fileRef = 846A8064281C078E00589663 /* SpeechManager.swift */; };
		846BB7D52816071A004864AE /* DishStruct.swift in Sources */ = {isa = PBXBuildFile; fileRef = 846BB7D42816071A004864AE /* DishStruct.swift */; };
		846BB7DA28173DCE004864AE /* open-fridge.mp3 in Resources */ = {isa = PBXBuildFile; fileRef = 846BB7D828173DCE004864AE /* open-fridge.mp3 */; };
		846BB7DB28173DCE004864AE /* close-fridge.mp3 in Resources */ = {isa = PBXBuildFile; fileRef = 846BB7D928173DCE004864AE /* close-fridge.mp3 */; };
		848E372F281424D4004BF416 /* MapController.swift in Sources */ = {isa = PBXBuildFile; fileRef = 848E372E281424D4004BF416 /* MapController.swift */; };
		848E373228143B5D004BF416 /* MapKit.framework in Frameworks */ = {isa = PBXBuildFile; fileRef = 848E373128143B5D004BF416 /* MapKit.framework */; };
		84D5EBE228034C2500B15054 /* unitData.json in Resources */ = {isa = PBXBuildFile; fileRef = 84D5EBE128034C2500B15054 /* unitData.json */; };
		84D5EBE4280354BB00B15054 /* categoryData.json in Resources */ = {isa = PBXBuildFile; fileRef = 84D5EBE3280354BB00B15054 /* categoryData.json */; };
		84D5EBE828037DA200B15054 /* FoodModel.xcdatamodeld in Sources */ = {isa = PBXBuildFile; fileRef = 84D5EBE628037DA200B15054 /* FoodModel.xcdatamodeld */; };
		84D5EBEA2803808100B15054 /* DataController.swift in Sources */ = {isa = PBXBuildFile; fileRef = 84D5EBE92803808100B15054 /* DataController.swift */; };
		84D5EBEC280380F100B15054 /* TImeController.swift in Sources */ = {isa = PBXBuildFile; fileRef = 84D5EBEB280380F100B15054 /* TImeController.swift */; };
/* End PBXBuildFile section */

/* Begin PBXContainerItemProxy section */
		6A1AAAF427F9202A0084D06D /* PBXContainerItemProxy */ = {
			isa = PBXContainerItemProxy;
			containerPortal = 6A1AAAD627F920280084D06D /* Project object */;
			proxyType = 1;
			remoteGlobalIDString = 6A1AAADD27F920280084D06D;
			remoteInfo = WLTF;
		};
		6A1AAAFE27F9202A0084D06D /* PBXContainerItemProxy */ = {
			isa = PBXContainerItemProxy;
			containerPortal = 6A1AAAD627F920280084D06D /* Project object */;
			proxyType = 1;
			remoteGlobalIDString = 6A1AAADD27F920280084D06D;
			remoteInfo = WLTF;
		};
/* End PBXContainerItemProxy section */

/* Begin PBXFileReference section */
		6A0CEAAD280DB0690086938B /* ShoppingList.swift */ = {isa = PBXFileReference; lastKnownFileType = sourcecode.swift; path = ShoppingList.swift; sourceTree = "<group>"; };
		6A0CEAAF280DB0CC0086938B /* DishMain.swift */ = {isa = PBXFileReference; lastKnownFileType = sourcecode.swift; path = DishMain.swift; sourceTree = "<group>"; };
		6A0CEAB1280DB5120086938B /* TabViews.swift */ = {isa = PBXFileReference; lastKnownFileType = sourcecode.swift; path = TabViews.swift; sourceTree = "<group>"; };
		6A0CEAB3280DCB2F0086938B /* Info.plist */ = {isa = PBXFileReference; explicitFileType = image.png; path = Info.plist; sourceTree = "<group>"; };
		6A0CEAB42810340B0086938B /* NotesUI.swift */ = {isa = PBXFileReference; lastKnownFileType = sourcecode.swift; path = NotesUI.swift; sourceTree = "<group>"; };
		6A0CEAB82811FB9B0086938B /* EditAlert.swift */ = {isa = PBXFileReference; lastKnownFileType = sourcecode.swift; path = EditAlert.swift; sourceTree = "<group>"; };
		6A0CEABC2815B74B0086938B /* Settings.swift */ = {isa = PBXFileReference; lastKnownFileType = sourcecode.swift; path = Settings.swift; sourceTree = "<group>"; };
		6A0CEAC22816DEFA0086938B /* DishCard.swift */ = {isa = PBXFileReference; lastKnownFileType = sourcecode.swift; path = DishCard.swift; sourceTree = "<group>"; };
		6A1830A027FB8DA9005FF721 /* MapView.swift */ = {isa = PBXFileReference; lastKnownFileType = sourcecode.swift; path = MapView.swift; sourceTree = "<group>"; };
		6A1830A227FC4239005FF721 /* foodData.json */ = {isa = PBXFileReference; fileEncoding = 4; lastKnownFileType = text.json; path = foodData.json; sourceTree = "<group>"; };
		6A1830A627FC4291005FF721 /* FoodStruct.swift */ = {isa = PBXFileReference; lastKnownFileType = sourcecode.swift; path = FoodStruct.swift; sourceTree = "<group>"; };
		6A1830AF27FC47AB005FF721 /* FoodModelData.swift */ = {isa = PBXFileReference; lastKnownFileType = sourcecode.swift; path = FoodModelData.swift; sourceTree = "<group>"; };
		6A1830B227FC4907005FF721 /* FoodRow.swift */ = {isa = PBXFileReference; lastKnownFileType = sourcecode.swift; path = FoodRow.swift; sourceTree = "<group>"; };
		6A1AAADE27F920280084D06D /* WLTF.app */ = {isa = PBXFileReference; explicitFileType = wrapper.application; includeInIndex = 0; path = WLTF.app; sourceTree = BUILT_PRODUCTS_DIR; };
		6A1AAAE127F920280084D06D /* WLTFApp.swift */ = {isa = PBXFileReference; lastKnownFileType = sourcecode.swift; path = WLTFApp.swift; sourceTree = "<group>"; };
		6A1AAAE327F920280084D06D /* ContentView.swift */ = {isa = PBXFileReference; lastKnownFileType = sourcecode.swift; path = ContentView.swift; sourceTree = "<group>"; };
		6A1AAAE527F9202A0084D06D /* Assets.xcassets */ = {isa = PBXFileReference; lastKnownFileType = folder.assetcatalog; path = Assets.xcassets; sourceTree = "<group>"; };
		6A1AAAE827F9202A0084D06D /* Preview Assets.xcassets */ = {isa = PBXFileReference; lastKnownFileType = folder.assetcatalog; path = "Preview Assets.xcassets"; sourceTree = "<group>"; };
		6A1AAAEA27F9202A0084D06D /* Persistence.swift */ = {isa = PBXFileReference; lastKnownFileType = sourcecode.swift; path = Persistence.swift; sourceTree = "<group>"; };
		6A1AAAF327F9202A0084D06D /* WLTFTests.xctest */ = {isa = PBXFileReference; explicitFileType = wrapper.cfbundle; includeInIndex = 0; path = WLTFTests.xctest; sourceTree = BUILT_PRODUCTS_DIR; };
		6A1AAAF727F9202A0084D06D /* WLTFTests.swift */ = {isa = PBXFileReference; lastKnownFileType = sourcecode.swift; path = WLTFTests.swift; sourceTree = "<group>"; };
		6A1AAAFD27F9202A0084D06D /* WLTFUITests.xctest */ = {isa = PBXFileReference; explicitFileType = wrapper.cfbundle; includeInIndex = 0; path = WLTFUITests.xctest; sourceTree = BUILT_PRODUCTS_DIR; };
		6A1AAB0127F9202A0084D06D /* WLTFUITests.swift */ = {isa = PBXFileReference; lastKnownFileType = sourcecode.swift; path = WLTFUITests.swift; sourceTree = "<group>"; };
		6A1AAB0327F9202A0084D06D /* WLTFUITestsLaunchTests.swift */ = {isa = PBXFileReference; lastKnownFileType = sourcecode.swift; path = WLTFUITestsLaunchTests.swift; sourceTree = "<group>"; };
		6A94FAC32817040800127728 /* DishAdd.swift */ = {isa = PBXFileReference; lastKnownFileType = sourcecode.swift; path = DishAdd.swift; sourceTree = "<group>"; };
		6AA5A152281820E000C2E7D8 /* DishDetail.swift */ = {isa = PBXFileReference; lastKnownFileType = sourcecode.swift; path = DishDetail.swift; sourceTree = "<group>"; };
		6AA5A15428198E2E00C2E7D8 /* RemainingCircle.swift */ = {isa = PBXFileReference; lastKnownFileType = sourcecode.swift; path = RemainingCircle.swift; sourceTree = "<group>"; };
		6AA5A1562819DBBB00C2E7D8 /* MapScreen.swift */ = {isa = PBXFileReference; lastKnownFileType = sourcecode.swift; path = MapScreen.swift; sourceTree = "<group>"; };
		6AA5A15A2819DD9300C2E7D8 /* MapViewModel.swift */ = {isa = PBXFileReference; lastKnownFileType = sourcecode.swift; path = MapViewModel.swift; sourceTree = "<group>"; };
		6AA5A15C2819F04A00C2E7D8 /* LocationStruct.swift */ = {isa = PBXFileReference; lastKnownFileType = sourcecode.swift; path = LocationStruct.swift; sourceTree = "<group>"; };
		6AB93E6027FC808A003D601F /* FridgeList.swift */ = {isa = PBXFileReference; lastKnownFileType = sourcecode.swift; path = FridgeList.swift; sourceTree = "<group>"; };
		6AB93E6227FC88A6003D601F /* FoodDetail.swift */ = {isa = PBXFileReference; lastKnownFileType = sourcecode.swift; path = FoodDetail.swift; sourceTree = "<group>"; };
		6ACEBD5F28045989006C93A8 /* FoodImgFunc.swift */ = {isa = PBXFileReference; lastKnownFileType = sourcecode.swift; path = FoodImgFunc.swift; sourceTree = "<group>"; };
		6ACEBD6128045EE4006C93A8 /* AddFoodList.swift */ = {isa = PBXFileReference; lastKnownFileType = sourcecode.swift; path = AddFoodList.swift; sourceTree = "<group>"; };
		6ACEBD632805916D006C93A8 /* AddListItem.swift */ = {isa = PBXFileReference; lastKnownFileType = sourcecode.swift; path = AddListItem.swift; sourceTree = "<group>"; };
		6ADB2E8F27FCA32900A8E475 /* ClosedFridgeScreen.swift */ = {isa = PBXFileReference; lastKnownFileType = sourcecode.swift; path = ClosedFridgeScreen.swift; sourceTree = "<group>"; };
		6ADB2E9127FDDCCC00A8E475 /* InsideFridgeScreen.swift */ = {isa = PBXFileReference; lastKnownFileType = sourcecode.swift; path = InsideFridgeScreen.swift; sourceTree = "<group>"; };
		6ADB2E9327FDDD9500A8E475 /* CircleImage.swift */ = {isa = PBXFileReference; fileEncoding = 4; lastKnownFileType = sourcecode.swift; path = CircleImage.swift; sourceTree = "<group>"; };
		6ADB2E9527FDE01700A8E475 /* AddFoodScreen.swift */ = {isa = PBXFileReference; lastKnownFileType = sourcecode.swift; path = AddFoodScreen.swift; sourceTree = "<group>"; };
		6ADB2E9727FE090500A8E475 /* FoodGrid.swift */ = {isa = PBXFileReference; lastKnownFileType = sourcecode.swift; path = FoodGrid.swift; sourceTree = "<group>"; };
		8403E031280F07FC00683C76 /* AddToBuyScreen.swift */ = {isa = PBXFileReference; lastKnownFileType = sourcecode.swift; path = AddToBuyScreen.swift; sourceTree = "<group>"; };
		8403E033280F16DE00683C76 /* ShoppingStruct.swift */ = {isa = PBXFileReference; lastKnownFileType = sourcecode.swift; path = ShoppingStruct.swift; sourceTree = "<group>"; };
		843C853E281998CD001D5AF6 /* LaunchScreen.storyboard */ = {isa = PBXFileReference; lastKnownFileType = file.storyboard; path = LaunchScreen.storyboard; sourceTree = "<group>"; };
		846A8060281BFC6D00589663 /* SpeechTest.swift */ = {isa = PBXFileReference; lastKnownFileType = sourcecode.swift; path = SpeechTest.swift; sourceTree = "<group>"; };
		846A8062281BFD0B00589663 /* MicManager.swift */ = {isa = PBXFileReference; lastKnownFileType = sourcecode.swift; path = MicManager.swift; sourceTree = "<group>"; };
		846A8064281C078E00589663 /* SpeechManager.swift */ = {isa = PBXFileReference; lastKnownFileType = sourcecode.swift; path = SpeechManager.swift; sourceTree = "<group>"; };
		846BB7D42816071A004864AE /* DishStruct.swift */ = {isa = PBXFileReference; lastKnownFileType = sourcecode.swift; path = DishStruct.swift; sourceTree = "<group>"; };
		846BB7D828173DCE004864AE /* open-fridge.mp3 */ = {isa = PBXFileReference; lastKnownFileType = audio.mp3; path = "open-fridge.mp3"; sourceTree = "<group>"; };
		846BB7D928173DCE004864AE /* close-fridge.mp3 */ = {isa = PBXFileReference; lastKnownFileType = audio.mp3; path = "close-fridge.mp3"; sourceTree = "<group>"; };
		848E372E281424D4004BF416 /* MapController.swift */ = {isa = PBXFileReference; lastKnownFileType = sourcecode.swift; path = MapController.swift; sourceTree = "<group>"; };
		848E373128143B5D004BF416 /* MapKit.framework */ = {isa = PBXFileReference; lastKnownFileType = wrapper.framework; name = MapKit.framework; path = System/Library/Frameworks/MapKit.framework; sourceTree = SDKROOT; };
		84D5EBE128034C2500B15054 /* unitData.json */ = {isa = PBXFileReference; lastKnownFileType = text.json; path = unitData.json; sourceTree = "<group>"; };
		84D5EBE3280354BB00B15054 /* categoryData.json */ = {isa = PBXFileReference; lastKnownFileType = text.json; path = categoryData.json; sourceTree = "<group>"; };
		84D5EBE728037DA200B15054 /* Food.xcdatamodel */ = {isa = PBXFileReference; lastKnownFileType = wrapper.xcdatamodel; path = Food.xcdatamodel; sourceTree = "<group>"; };
		84D5EBE92803808100B15054 /* DataController.swift */ = {isa = PBXFileReference; lastKnownFileType = sourcecode.swift; path = DataController.swift; sourceTree = "<group>"; };
		84D5EBEB280380F100B15054 /* TImeController.swift */ = {isa = PBXFileReference; lastKnownFileType = sourcecode.swift; path = TImeController.swift; sourceTree = "<group>"; };
/* End PBXFileReference section */

/* Begin PBXFrameworksBuildPhase section */
		6A1AAADB27F920280084D06D /* Frameworks */ = {
			isa = PBXFrameworksBuildPhase;
			buildActionMask = 2147483647;
			files = (
				8400B48028180B3B000FAF99 /* SimpleToast in Frameworks */,
				848E373228143B5D004BF416 /* MapKit.framework in Frameworks */,
			);
			runOnlyForDeploymentPostprocessing = 0;
		};
		6A1AAAF027F9202A0084D06D /* Frameworks */ = {
			isa = PBXFrameworksBuildPhase;
			buildActionMask = 2147483647;
			files = (
			);
			runOnlyForDeploymentPostprocessing = 0;
		};
		6A1AAAFA27F9202A0084D06D /* Frameworks */ = {
			isa = PBXFrameworksBuildPhase;
			buildActionMask = 2147483647;
			files = (
			);
			runOnlyForDeploymentPostprocessing = 0;
		};
/* End PBXFrameworksBuildPhase section */

/* Begin PBXGroup section */
		6A1830AD27FC467D005FF721 /* JsonData */ = {
			isa = PBXGroup;
			children = (
				6A1830A227FC4239005FF721 /* foodData.json */,
				84D5EBE128034C2500B15054 /* unitData.json */,
				84D5EBE3280354BB00B15054 /* categoryData.json */,
			);
			path = JsonData;
			sourceTree = "<group>";
		};
		6A1830AE27FC4696005FF721 /* Views */ = {
			isa = PBXGroup;
			children = (
				846A8060281BFC6D00589663 /* SpeechTest.swift */,
				6A1AAAE327F920280084D06D /* ContentView.swift */,
				6ADB2E8F27FCA32900A8E475 /* ClosedFridgeScreen.swift */,
				6A0CEABC2815B74B0086938B /* Settings.swift */,
				6A0CEAB42810340B0086938B /* NotesUI.swift */,
				6ADB2E9127FDDCCC00A8E475 /* InsideFridgeScreen.swift */,
				6AB93E6227FC88A6003D601F /* FoodDetail.swift */,
				6AA5A15428198E2E00C2E7D8 /* RemainingCircle.swift */,
				6ADB2E9527FDE01700A8E475 /* AddFoodScreen.swift */,
				6A0CEAAD280DB0690086938B /* ShoppingList.swift */,
				6ADB2E9727FE090500A8E475 /* FoodGrid.swift */,
				6A0CEAAF280DB0CC0086938B /* DishMain.swift */,
				6A0CEAC22816DEFA0086938B /* DishCard.swift */,
				6A94FAC32817040800127728 /* DishAdd.swift */,
				6AA5A152281820E000C2E7D8 /* DishDetail.swift */,
				6AA5A1562819DBBB00C2E7D8 /* MapScreen.swift */,
				6A1830A027FB8DA9005FF721 /* MapView.swift */,
				6ACEBD6128045EE4006C93A8 /* AddFoodList.swift */,
				6ACEBD632805916D006C93A8 /* AddListItem.swift */,
				6ADB2E9327FDDD9500A8E475 /* CircleImage.swift */,
				6A1830B227FC4907005FF721 /* FoodRow.swift */,
				6AB93E6027FC808A003D601F /* FridgeList.swift */,
				6A0CEAB1280DB5120086938B /* TabViews.swift */,
				8403E031280F07FC00683C76 /* AddToBuyScreen.swift */,
				6A0CEAB82811FB9B0086938B /* EditAlert.swift */,
				843C853E281998CD001D5AF6 /* LaunchScreen.storyboard */,
			);
			path = Views;
			sourceTree = "<group>";
		};
		6A1830B127FC48A9005FF721 /* FoodModel */ = {
			isa = PBXGroup;
			children = (
				6A1830A627FC4291005FF721 /* FoodStruct.swift */,
				6A1830AF27FC47AB005FF721 /* FoodModelData.swift */,
				6ACEBD5F28045989006C93A8 /* FoodImgFunc.swift */,
				8403E033280F16DE00683C76 /* ShoppingStruct.swift */,
				846BB7D42816071A004864AE /* DishStruct.swift */,
				6AA5A15C2819F04A00C2E7D8 /* LocationStruct.swift */,
			);
			path = FoodModel;
			sourceTree = "<group>";
		};
		6A1AAAD527F920280084D06D = {
			isa = PBXGroup;
			children = (
				6A1AAAE027F920280084D06D /* WLTF */,
				6A1AAAF627F9202A0084D06D /* WLTFTests */,
				6A1AAB0027F9202A0084D06D /* WLTFUITests */,
				6A1AAADF27F920280084D06D /* Products */,
				848E373028143B5D004BF416 /* Frameworks */,
			);
			sourceTree = "<group>";
		};
		6A1AAADF27F920280084D06D /* Products */ = {
			isa = PBXGroup;
			children = (
				6A1AAADE27F920280084D06D /* WLTF.app */,
				6A1AAAF327F9202A0084D06D /* WLTFTests.xctest */,
				6A1AAAFD27F9202A0084D06D /* WLTFUITests.xctest */,
			);
			name = Products;
			sourceTree = "<group>";
		};
		6A1AAAE027F920280084D06D /* WLTF */ = {
			isa = PBXGroup;
			children = (
				6A0CEAB3280DCB2F0086938B /* Info.plist */,
				84D5EBE528037D6700B15054 /* DataModel */,
				6A1830AE27FC4696005FF721 /* Views */,
				6A1830B127FC48A9005FF721 /* FoodModel */,
				846BB7D728173D26004864AE /* Sounds */,
				6A1830AD27FC467D005FF721 /* JsonData */,
				6A1AAAE127F920280084D06D /* WLTFApp.swift */,
				6A1AAAE527F9202A0084D06D /* Assets.xcassets */,
				6A1AAAEA27F9202A0084D06D /* Persistence.swift */,
				6A1AAAE727F9202A0084D06D /* Preview Content */,
			);
			path = WLTF;
			sourceTree = "<group>";
		};
		6A1AAAE727F9202A0084D06D /* Preview Content */ = {
			isa = PBXGroup;
			children = (
				6A1AAAE827F9202A0084D06D /* Preview Assets.xcassets */,
			);
			path = "Preview Content";
			sourceTree = "<group>";
		};
		6A1AAAF627F9202A0084D06D /* WLTFTests */ = {
			isa = PBXGroup;
			children = (
				6A1AAAF727F9202A0084D06D /* WLTFTests.swift */,
			);
			path = WLTFTests;
			sourceTree = "<group>";
		};
		6A1AAB0027F9202A0084D06D /* WLTFUITests */ = {
			isa = PBXGroup;
			children = (
				6A1AAB0127F9202A0084D06D /* WLTFUITests.swift */,
				6A1AAB0327F9202A0084D06D /* WLTFUITestsLaunchTests.swift */,
			);
			path = WLTFUITests;
			sourceTree = "<group>";
		};
		846BB7D728173D26004864AE /* Sounds */ = {
			isa = PBXGroup;
			children = (
				846BB7D928173DCE004864AE /* close-fridge.mp3 */,
				846BB7D828173DCE004864AE /* open-fridge.mp3 */,
			);
			path = Sounds;
			sourceTree = "<group>";
		};
		848E373028143B5D004BF416 /* Frameworks */ = {
			isa = PBXGroup;
			children = (
				848E373128143B5D004BF416 /* MapKit.framework */,
			);
			name = Frameworks;
			sourceTree = "<group>";
		};
		84D5EBE528037D6700B15054 /* DataModel */ = {
			isa = PBXGroup;
			children = (
				84D5EBE628037DA200B15054 /* FoodModel.xcdatamodeld */,
				84D5EBE92803808100B15054 /* DataController.swift */,
				84D5EBEB280380F100B15054 /* TImeController.swift */,
				848E372E281424D4004BF416 /* MapController.swift */,
				6AA5A15A2819DD9300C2E7D8 /* MapViewModel.swift */,
				846A8062281BFD0B00589663 /* MicManager.swift */,
				846A8064281C078E00589663 /* SpeechManager.swift */,
			);
			path = DataModel;
			sourceTree = "<group>";
		};
/* End PBXGroup section */

/* Begin PBXNativeTarget section */
		6A1AAADD27F920280084D06D /* WLTF */ = {
			isa = PBXNativeTarget;
			buildConfigurationList = 6A1AAB0727F9202A0084D06D /* Build configuration list for PBXNativeTarget "WLTF" */;
			buildPhases = (
				6A1AAADA27F920280084D06D /* Sources */,
				6A1AAADB27F920280084D06D /* Frameworks */,
				6A1AAADC27F920280084D06D /* Resources */,
			);
			buildRules = (
			);
			dependencies = (
			);
			name = WLTF;
			packageProductDependencies = (
				8400B47F28180B3B000FAF99 /* SimpleToast */,
			);
			productName = WLTF;
			productReference = 6A1AAADE27F920280084D06D /* WLTF.app */;
			productType = "com.apple.product-type.application";
		};
		6A1AAAF227F9202A0084D06D /* WLTFTests */ = {
			isa = PBXNativeTarget;
			buildConfigurationList = 6A1AAB0A27F9202A0084D06D /* Build configuration list for PBXNativeTarget "WLTFTests" */;
			buildPhases = (
				6A1AAAEF27F9202A0084D06D /* Sources */,
				6A1AAAF027F9202A0084D06D /* Frameworks */,
				6A1AAAF127F9202A0084D06D /* Resources */,
			);
			buildRules = (
			);
			dependencies = (
				6A1AAAF527F9202A0084D06D /* PBXTargetDependency */,
			);
			name = WLTFTests;
			productName = WLTFTests;
			productReference = 6A1AAAF327F9202A0084D06D /* WLTFTests.xctest */;
			productType = "com.apple.product-type.bundle.unit-test";
		};
		6A1AAAFC27F9202A0084D06D /* WLTFUITests */ = {
			isa = PBXNativeTarget;
			buildConfigurationList = 6A1AAB0D27F9202A0084D06D /* Build configuration list for PBXNativeTarget "WLTFUITests" */;
			buildPhases = (
				6A1AAAF927F9202A0084D06D /* Sources */,
				6A1AAAFA27F9202A0084D06D /* Frameworks */,
				6A1AAAFB27F9202A0084D06D /* Resources */,
			);
			buildRules = (
			);
			dependencies = (
				6A1AAAFF27F9202A0084D06D /* PBXTargetDependency */,
			);
			name = WLTFUITests;
			productName = WLTFUITests;
			productReference = 6A1AAAFD27F9202A0084D06D /* WLTFUITests.xctest */;
			productType = "com.apple.product-type.bundle.ui-testing";
		};
/* End PBXNativeTarget section */

/* Begin PBXProject section */
		6A1AAAD627F920280084D06D /* Project object */ = {
			isa = PBXProject;
			attributes = {
				BuildIndependentTargetsInParallel = 1;
				LastSwiftUpdateCheck = 1320;
				LastUpgradeCheck = 1320;
				TargetAttributes = {
					6A1AAADD27F920280084D06D = {
						CreatedOnToolsVersion = 13.2.1;
					};
					6A1AAAF227F9202A0084D06D = {
						CreatedOnToolsVersion = 13.2.1;
						TestTargetID = 6A1AAADD27F920280084D06D;
					};
					6A1AAAFC27F9202A0084D06D = {
						CreatedOnToolsVersion = 13.2.1;
						TestTargetID = 6A1AAADD27F920280084D06D;
					};
				};
			};
			buildConfigurationList = 6A1AAAD927F920280084D06D /* Build configuration list for PBXProject "WLTF" */;
			compatibilityVersion = "Xcode 13.0";
			developmentRegion = en;
			hasScannedForEncodings = 0;
			knownRegions = (
				en,
				Base,
			);
			mainGroup = 6A1AAAD527F920280084D06D;
			packageReferences = (
				8400B47E28180B3B000FAF99 /* XCRemoteSwiftPackageReference "SimpleToast" */,
			);
			productRefGroup = 6A1AAADF27F920280084D06D /* Products */;
			projectDirPath = "";
			projectRoot = "";
			targets = (
				6A1AAADD27F920280084D06D /* WLTF */,
				6A1AAAF227F9202A0084D06D /* WLTFTests */,
				6A1AAAFC27F9202A0084D06D /* WLTFUITests */,
			);
		};
/* End PBXProject section */

/* Begin PBXResourcesBuildPhase section */
		6A1AAADC27F920280084D06D /* Resources */ = {
			isa = PBXResourcesBuildPhase;
			buildActionMask = 2147483647;
			files = (
				6A1AAAE927F9202A0084D06D /* Preview Assets.xcassets in Resources */,
				843C853F281998CD001D5AF6 /* LaunchScreen.storyboard in Resources */,
				6A1AAAE627F9202A0084D06D /* Assets.xcassets in Resources */,
				84D5EBE4280354BB00B15054 /* categoryData.json in Resources */,
				846BB7DA28173DCE004864AE /* open-fridge.mp3 in Resources */,
				84D5EBE228034C2500B15054 /* unitData.json in Resources */,
				846BB7DB28173DCE004864AE /* close-fridge.mp3 in Resources */,
				6A1830A327FC4239005FF721 /* foodData.json in Resources */,
			);
			runOnlyForDeploymentPostprocessing = 0;
		};
		6A1AAAF127F9202A0084D06D /* Resources */ = {
			isa = PBXResourcesBuildPhase;
			buildActionMask = 2147483647;
			files = (
			);
			runOnlyForDeploymentPostprocessing = 0;
		};
		6A1AAAFB27F9202A0084D06D /* Resources */ = {
			isa = PBXResourcesBuildPhase;
			buildActionMask = 2147483647;
			files = (
			);
			runOnlyForDeploymentPostprocessing = 0;
		};
/* End PBXResourcesBuildPhase section */

/* Begin PBXSourcesBuildPhase section */
		6A1AAADA27F920280084D06D /* Sources */ = {
			isa = PBXSourcesBuildPhase;
			buildActionMask = 2147483647;
			files = (
				6A0CEAC32816DEFA0086938B /* DishCard.swift in Sources */,
				846A8065281C078E00589663 /* SpeechManager.swift in Sources */,
				6A0CEABD2815B74B0086938B /* Settings.swift in Sources */,
				6ACEBD642805916D006C93A8 /* AddListItem.swift in Sources */,
				6AB93E6327FC88A6003D601F /* FoodDetail.swift in Sources */,
				84D5EBE828037DA200B15054 /* FoodModel.xcdatamodeld in Sources */,
				6A0CEAB52810340B0086938B /* NotesUI.swift in Sources */,
				6A1830A727FC4291005FF721 /* FoodStruct.swift in Sources */,
				6AA5A15D2819F04A00C2E7D8 /* LocationStruct.swift in Sources */,
				6ADB2E9027FCA32900A8E475 /* ClosedFridgeScreen.swift in Sources */,
				6ADB2E9627FDE01700A8E475 /* AddFoodScreen.swift in Sources */,
				6A0CEAB0280DB0CC0086938B /* DishMain.swift in Sources */,
				846A8063281BFD0B00589663 /* MicManager.swift in Sources */,
				6AA5A153281820E000C2E7D8 /* DishDetail.swift in Sources */,
				848E372F281424D4004BF416 /* MapController.swift in Sources */,
				6ADB2E9427FDDD9500A8E475 /* CircleImage.swift in Sources */,
				6A1830B027FC47AB005FF721 /* FoodModelData.swift in Sources */,
				6AA5A15528198E2E00C2E7D8 /* RemainingCircle.swift in Sources */,
				84D5EBEA2803808100B15054 /* DataController.swift in Sources */,
				6ADB2E9227FDDCCC00A8E475 /* InsideFridgeScreen.swift in Sources */,
				8403E032280F07FC00683C76 /* AddToBuyScreen.swift in Sources */,
				846A8061281BFC6D00589663 /* SpeechTest.swift in Sources */,
				8403E034280F16DE00683C76 /* ShoppingStruct.swift in Sources */,
				6A1AAAEB27F9202A0084D06D /* Persistence.swift in Sources */,
				6A0CEAB2280DB5120086938B /* TabViews.swift in Sources */,
				6ACEBD6228045EE4006C93A8 /* AddFoodList.swift in Sources */,
				6A1830A127FB8DA9005FF721 /* MapView.swift in Sources */,
				6AB93E6127FC808A003D601F /* FridgeList.swift in Sources */,
				6AA5A1572819DBBB00C2E7D8 /* MapScreen.swift in Sources */,
				6A0CEAB92811FB9B0086938B /* EditAlert.swift in Sources */,
				6A1AAAE427F920280084D06D /* ContentView.swift in Sources */,
				846BB7D52816071A004864AE /* DishStruct.swift in Sources */,
				6AA5A15B2819DD9300C2E7D8 /* MapViewModel.swift in Sources */,
				6A94FAC42817040800127728 /* DishAdd.swift in Sources */,
				6A1AAAE227F920280084D06D /* WLTFApp.swift in Sources */,
				6A0CEAAE280DB0690086938B /* ShoppingList.swift in Sources */,
				84D5EBEC280380F100B15054 /* TImeController.swift in Sources */,
				6ACEBD6028045989006C93A8 /* FoodImgFunc.swift in Sources */,
				6A1830B327FC4907005FF721 /* FoodRow.swift in Sources */,
				6ADB2E9827FE090500A8E475 /* FoodGrid.swift in Sources */,
			);
			runOnlyForDeploymentPostprocessing = 0;
		};
		6A1AAAEF27F9202A0084D06D /* Sources */ = {
			isa = PBXSourcesBuildPhase;
			buildActionMask = 2147483647;
			files = (
				6A1AAAF827F9202A0084D06D /* WLTFTests.swift in Sources */,
			);
			runOnlyForDeploymentPostprocessing = 0;
		};
		6A1AAAF927F9202A0084D06D /* Sources */ = {
			isa = PBXSourcesBuildPhase;
			buildActionMask = 2147483647;
			files = (
				6A1AAB0227F9202A0084D06D /* WLTFUITests.swift in Sources */,
				6A1AAB0427F9202A0084D06D /* WLTFUITestsLaunchTests.swift in Sources */,
			);
			runOnlyForDeploymentPostprocessing = 0;
		};
/* End PBXSourcesBuildPhase section */

/* Begin PBXTargetDependency section */
		6A1AAAF527F9202A0084D06D /* PBXTargetDependency */ = {
			isa = PBXTargetDependency;
			target = 6A1AAADD27F920280084D06D /* WLTF */;
			targetProxy = 6A1AAAF427F9202A0084D06D /* PBXContainerItemProxy */;
		};
		6A1AAAFF27F9202A0084D06D /* PBXTargetDependency */ = {
			isa = PBXTargetDependency;
			target = 6A1AAADD27F920280084D06D /* WLTF */;
			targetProxy = 6A1AAAFE27F9202A0084D06D /* PBXContainerItemProxy */;
		};
/* End PBXTargetDependency section */

/* Begin XCBuildConfiguration section */
		6A1AAB0527F9202A0084D06D /* Debug */ = {
			isa = XCBuildConfiguration;
			buildSettings = {
				ALWAYS_SEARCH_USER_PATHS = NO;
				CLANG_ANALYZER_NONNULL = YES;
				CLANG_ANALYZER_NUMBER_OBJECT_CONVERSION = YES_AGGRESSIVE;
				CLANG_CXX_LANGUAGE_STANDARD = "gnu++17";
				CLANG_CXX_LIBRARY = "libc++";
				CLANG_ENABLE_MODULES = YES;
				CLANG_ENABLE_OBJC_ARC = YES;
				CLANG_ENABLE_OBJC_WEAK = YES;
				CLANG_WARN_BLOCK_CAPTURE_AUTORELEASING = YES;
				CLANG_WARN_BOOL_CONVERSION = YES;
				CLANG_WARN_COMMA = YES;
				CLANG_WARN_CONSTANT_CONVERSION = YES;
				CLANG_WARN_DEPRECATED_OBJC_IMPLEMENTATIONS = YES;
				CLANG_WARN_DIRECT_OBJC_ISA_USAGE = YES_ERROR;
				CLANG_WARN_DOCUMENTATION_COMMENTS = YES;
				CLANG_WARN_EMPTY_BODY = YES;
				CLANG_WARN_ENUM_CONVERSION = YES;
				CLANG_WARN_INFINITE_RECURSION = YES;
				CLANG_WARN_INT_CONVERSION = YES;
				CLANG_WARN_NON_LITERAL_NULL_CONVERSION = YES;
				CLANG_WARN_OBJC_IMPLICIT_RETAIN_SELF = YES;
				CLANG_WARN_OBJC_LITERAL_CONVERSION = YES;
				CLANG_WARN_OBJC_ROOT_CLASS = YES_ERROR;
				CLANG_WARN_QUOTED_INCLUDE_IN_FRAMEWORK_HEADER = YES;
				CLANG_WARN_RANGE_LOOP_ANALYSIS = YES;
				CLANG_WARN_STRICT_PROTOTYPES = YES;
				CLANG_WARN_SUSPICIOUS_MOVE = YES;
				CLANG_WARN_UNGUARDED_AVAILABILITY = YES_AGGRESSIVE;
				CLANG_WARN_UNREACHABLE_CODE = YES;
				CLANG_WARN__DUPLICATE_METHOD_MATCH = YES;
				COPY_PHASE_STRIP = NO;
				DEBUG_INFORMATION_FORMAT = dwarf;
				ENABLE_STRICT_OBJC_MSGSEND = YES;
				ENABLE_TESTABILITY = YES;
				GCC_C_LANGUAGE_STANDARD = gnu11;
				GCC_DYNAMIC_NO_PIC = NO;
				GCC_NO_COMMON_BLOCKS = YES;
				GCC_OPTIMIZATION_LEVEL = 0;
				GCC_PREPROCESSOR_DEFINITIONS = (
					"DEBUG=1",
					"$(inherited)",
				);
				GCC_WARN_64_TO_32_BIT_CONVERSION = YES;
				GCC_WARN_ABOUT_RETURN_TYPE = YES_ERROR;
				GCC_WARN_UNDECLARED_SELECTOR = YES;
				GCC_WARN_UNINITIALIZED_AUTOS = YES_AGGRESSIVE;
				GCC_WARN_UNUSED_FUNCTION = YES;
				GCC_WARN_UNUSED_VARIABLE = YES;
				IPHONEOS_DEPLOYMENT_TARGET = 15.2;
				MTL_ENABLE_DEBUG_INFO = INCLUDE_SOURCE;
				MTL_FAST_MATH = YES;
				ONLY_ACTIVE_ARCH = YES;
				SDKROOT = iphoneos;
				SWIFT_ACTIVE_COMPILATION_CONDITIONS = DEBUG;
				SWIFT_OPTIMIZATION_LEVEL = "-Onone";
			};
			name = Debug;
		};
		6A1AAB0627F9202A0084D06D /* Release */ = {
			isa = XCBuildConfiguration;
			buildSettings = {
				ALWAYS_SEARCH_USER_PATHS = NO;
				CLANG_ANALYZER_NONNULL = YES;
				CLANG_ANALYZER_NUMBER_OBJECT_CONVERSION = YES_AGGRESSIVE;
				CLANG_CXX_LANGUAGE_STANDARD = "gnu++17";
				CLANG_CXX_LIBRARY = "libc++";
				CLANG_ENABLE_MODULES = YES;
				CLANG_ENABLE_OBJC_ARC = YES;
				CLANG_ENABLE_OBJC_WEAK = YES;
				CLANG_WARN_BLOCK_CAPTURE_AUTORELEASING = YES;
				CLANG_WARN_BOOL_CONVERSION = YES;
				CLANG_WARN_COMMA = YES;
				CLANG_WARN_CONSTANT_CONVERSION = YES;
				CLANG_WARN_DEPRECATED_OBJC_IMPLEMENTATIONS = YES;
				CLANG_WARN_DIRECT_OBJC_ISA_USAGE = YES_ERROR;
				CLANG_WARN_DOCUMENTATION_COMMENTS = YES;
				CLANG_WARN_EMPTY_BODY = YES;
				CLANG_WARN_ENUM_CONVERSION = YES;
				CLANG_WARN_INFINITE_RECURSION = YES;
				CLANG_WARN_INT_CONVERSION = YES;
				CLANG_WARN_NON_LITERAL_NULL_CONVERSION = YES;
				CLANG_WARN_OBJC_IMPLICIT_RETAIN_SELF = YES;
				CLANG_WARN_OBJC_LITERAL_CONVERSION = YES;
				CLANG_WARN_OBJC_ROOT_CLASS = YES_ERROR;
				CLANG_WARN_QUOTED_INCLUDE_IN_FRAMEWORK_HEADER = YES;
				CLANG_WARN_RANGE_LOOP_ANALYSIS = YES;
				CLANG_WARN_STRICT_PROTOTYPES = YES;
				CLANG_WARN_SUSPICIOUS_MOVE = YES;
				CLANG_WARN_UNGUARDED_AVAILABILITY = YES_AGGRESSIVE;
				CLANG_WARN_UNREACHABLE_CODE = YES;
				CLANG_WARN__DUPLICATE_METHOD_MATCH = YES;
				COPY_PHASE_STRIP = NO;
				DEBUG_INFORMATION_FORMAT = "dwarf-with-dsym";
				ENABLE_NS_ASSERTIONS = NO;
				ENABLE_STRICT_OBJC_MSGSEND = YES;
				GCC_C_LANGUAGE_STANDARD = gnu11;
				GCC_NO_COMMON_BLOCKS = YES;
				GCC_WARN_64_TO_32_BIT_CONVERSION = YES;
				GCC_WARN_ABOUT_RETURN_TYPE = YES_ERROR;
				GCC_WARN_UNDECLARED_SELECTOR = YES;
				GCC_WARN_UNINITIALIZED_AUTOS = YES_AGGRESSIVE;
				GCC_WARN_UNUSED_FUNCTION = YES;
				GCC_WARN_UNUSED_VARIABLE = YES;
				IPHONEOS_DEPLOYMENT_TARGET = 15.2;
				MTL_ENABLE_DEBUG_INFO = NO;
				MTL_FAST_MATH = YES;
				SDKROOT = iphoneos;
				SWIFT_COMPILATION_MODE = wholemodule;
				SWIFT_OPTIMIZATION_LEVEL = "-O";
				VALIDATE_PRODUCT = YES;
			};
			name = Release;
		};
		6A1AAB0827F9202A0084D06D /* Debug */ = {
			isa = XCBuildConfiguration;
			buildSettings = {
				ASSETCATALOG_COMPILER_APPICON_NAME = AppIcon;
				ASSETCATALOG_COMPILER_GLOBAL_ACCENT_COLOR_NAME = AccentColor;
				ASSETCATALOG_COMPILER_INCLUDE_ALL_APPICON_ASSETS = YES;
				CODE_SIGN_STYLE = Automatic;
				CURRENT_PROJECT_VERSION = 1;
				DEVELOPMENT_ASSET_PATHS = "\"WLTF/Preview Content\"";
				DEVELOPMENT_TEAM = 83NTQJ99UW;
				ENABLE_PREVIEWS = YES;
				GENERATE_INFOPLIST_FILE = YES;
				INFOPLIST_FILE = WLTF/Info.plist;
				INFOPLIST_KEY_NSLocationWhenInUseUsageDescription = "This app need your location to let you see your location :)";
				INFOPLIST_KEY_NSMicrophoneUsageDescription = "This app need your voice to transform speech to text";
				INFOPLIST_KEY_NSSpeechRecognitionUsageDescription = "This app need your voice to transform speech to text";
				INFOPLIST_KEY_UIApplicationSceneManifest_Generation = YES;
				INFOPLIST_KEY_UIApplicationSupportsIndirectInputEvents = YES;
				INFOPLIST_KEY_UILaunchStoryboardName = LaunchScreen;
				INFOPLIST_KEY_UIStatusBarHidden = NO;
				INFOPLIST_KEY_UISupportedInterfaceOrientations = UIInterfaceOrientationPortrait;
				INFOPLIST_KEY_UISupportedInterfaceOrientations_iPad = "UIInterfaceOrientationPortrait UIInterfaceOrientationPortraitUpsideDown UIInterfaceOrientationLandscapeLeft UIInterfaceOrientationLandscapeRight";
				INFOPLIST_KEY_UISupportedInterfaceOrientations_iPhone = "UIInterfaceOrientationPortrait UIInterfaceOrientationLandscapeLeft UIInterfaceOrientationLandscapeRight";
				LD_RUNPATH_SEARCH_PATHS = (
					"$(inherited)",
					"@executable_path/Frameworks",
				);
				MARKETING_VERSION = 1.0;
				PRODUCT_BUNDLE_IDENTIFIER = FridgeBoys.WLTF;
				PRODUCT_NAME = "$(TARGET_NAME)";
				SWIFT_EMIT_LOC_STRINGS = YES;
				SWIFT_VERSION = 5.0;
				TARGETED_DEVICE_FAMILY = "1,2";
			};
			name = Debug;
		};
		6A1AAB0927F9202A0084D06D /* Release */ = {
			isa = XCBuildConfiguration;
			buildSettings = {
				ASSETCATALOG_COMPILER_APPICON_NAME = AppIcon;
				ASSETCATALOG_COMPILER_GLOBAL_ACCENT_COLOR_NAME = AccentColor;
				ASSETCATALOG_COMPILER_INCLUDE_ALL_APPICON_ASSETS = YES;
				CODE_SIGN_STYLE = Automatic;
				CURRENT_PROJECT_VERSION = 1;
				DEVELOPMENT_ASSET_PATHS = "\"WLTF/Preview Content\"";
				DEVELOPMENT_TEAM = 83NTQJ99UW;
				ENABLE_PREVIEWS = YES;
				GENERATE_INFOPLIST_FILE = YES;
				INFOPLIST_FILE = WLTF/Info.plist;
				INFOPLIST_KEY_NSLocationWhenInUseUsageDescription = "This app need your location to let you see your location :)";
				INFOPLIST_KEY_NSMicrophoneUsageDescription = "This app need your voice to transform speech to text";
				INFOPLIST_KEY_NSSpeechRecognitionUsageDescription = "This app need your voice to transform speech to text";
				INFOPLIST_KEY_UIApplicationSceneManifest_Generation = YES;
				INFOPLIST_KEY_UIApplicationSupportsIndirectInputEvents = YES;
				INFOPLIST_KEY_UILaunchStoryboardName = LaunchScreen;
				INFOPLIST_KEY_UIStatusBarHidden = NO;
				INFOPLIST_KEY_UISupportedInterfaceOrientations = UIInterfaceOrientationPortrait;
				INFOPLIST_KEY_UISupportedInterfaceOrientations_iPad = "UIInterfaceOrientationPortrait UIInterfaceOrientationPortraitUpsideDown UIInterfaceOrientationLandscapeLeft UIInterfaceOrientationLandscapeRight";
				INFOPLIST_KEY_UISupportedInterfaceOrientations_iPhone = "UIInterfaceOrientationPortrait UIInterfaceOrientationLandscapeLeft UIInterfaceOrientationLandscapeRight";
				LD_RUNPATH_SEARCH_PATHS = (
					"$(inherited)",
					"@executable_path/Frameworks",
				);
				MARKETING_VERSION = 1.0;
				PRODUCT_BUNDLE_IDENTIFIER = FridgeBoys.WLTF;
				PRODUCT_NAME = "$(TARGET_NAME)";
				SWIFT_EMIT_LOC_STRINGS = YES;
				SWIFT_VERSION = 5.0;
				TARGETED_DEVICE_FAMILY = "1,2";
			};
			name = Release;
		};
		6A1AAB0B27F9202A0084D06D /* Debug */ = {
			isa = XCBuildConfiguration;
			buildSettings = {
				ALWAYS_EMBED_SWIFT_STANDARD_LIBRARIES = YES;
				BUNDLE_LOADER = "$(TEST_HOST)";
				CODE_SIGN_STYLE = Automatic;
				CURRENT_PROJECT_VERSION = 1;
				GENERATE_INFOPLIST_FILE = YES;
				IPHONEOS_DEPLOYMENT_TARGET = 15.2;
				MARKETING_VERSION = 1.0;
				PRODUCT_BUNDLE_IDENTIFIER = FridgeBoys.WLTFTests;
				PRODUCT_NAME = "$(TARGET_NAME)";
				SWIFT_EMIT_LOC_STRINGS = NO;
				SWIFT_VERSION = 5.0;
				TARGETED_DEVICE_FAMILY = "1,2";
				TEST_HOST = "$(BUILT_PRODUCTS_DIR)/WLTF.app/WLTF";
			};
			name = Debug;
		};
		6A1AAB0C27F9202A0084D06D /* Release */ = {
			isa = XCBuildConfiguration;
			buildSettings = {
				ALWAYS_EMBED_SWIFT_STANDARD_LIBRARIES = YES;
				BUNDLE_LOADER = "$(TEST_HOST)";
				CODE_SIGN_STYLE = Automatic;
				CURRENT_PROJECT_VERSION = 1;
				GENERATE_INFOPLIST_FILE = YES;
				IPHONEOS_DEPLOYMENT_TARGET = 15.2;
				MARKETING_VERSION = 1.0;
				PRODUCT_BUNDLE_IDENTIFIER = FridgeBoys.WLTFTests;
				PRODUCT_NAME = "$(TARGET_NAME)";
				SWIFT_EMIT_LOC_STRINGS = NO;
				SWIFT_VERSION = 5.0;
				TARGETED_DEVICE_FAMILY = "1,2";
				TEST_HOST = "$(BUILT_PRODUCTS_DIR)/WLTF.app/WLTF";
			};
			name = Release;
		};
		6A1AAB0E27F9202A0084D06D /* Debug */ = {
			isa = XCBuildConfiguration;
			buildSettings = {
				ALWAYS_EMBED_SWIFT_STANDARD_LIBRARIES = YES;
				CODE_SIGN_STYLE = Automatic;
				CURRENT_PROJECT_VERSION = 1;
				GENERATE_INFOPLIST_FILE = YES;
				MARKETING_VERSION = 1.0;
				PRODUCT_BUNDLE_IDENTIFIER = FridgeBoys.WLTFUITests;
				PRODUCT_NAME = "$(TARGET_NAME)";
				SWIFT_EMIT_LOC_STRINGS = NO;
				SWIFT_VERSION = 5.0;
				TARGETED_DEVICE_FAMILY = "1,2";
				TEST_TARGET_NAME = WLTF;
			};
			name = Debug;
		};
		6A1AAB0F27F9202A0084D06D /* Release */ = {
			isa = XCBuildConfiguration;
			buildSettings = {
				ALWAYS_EMBED_SWIFT_STANDARD_LIBRARIES = YES;
				CODE_SIGN_STYLE = Automatic;
				CURRENT_PROJECT_VERSION = 1;
				GENERATE_INFOPLIST_FILE = YES;
				MARKETING_VERSION = 1.0;
				PRODUCT_BUNDLE_IDENTIFIER = FridgeBoys.WLTFUITests;
				PRODUCT_NAME = "$(TARGET_NAME)";
				SWIFT_EMIT_LOC_STRINGS = NO;
				SWIFT_VERSION = 5.0;
				TARGETED_DEVICE_FAMILY = "1,2";
				TEST_TARGET_NAME = WLTF;
			};
			name = Release;
		};
/* End XCBuildConfiguration section */

/* Begin XCConfigurationList section */
		6A1AAAD927F920280084D06D /* Build configuration list for PBXProject "WLTF" */ = {
			isa = XCConfigurationList;
			buildConfigurations = (
				6A1AAB0527F9202A0084D06D /* Debug */,
				6A1AAB0627F9202A0084D06D /* Release */,
			);
			defaultConfigurationIsVisible = 0;
			defaultConfigurationName = Release;
		};
		6A1AAB0727F9202A0084D06D /* Build configuration list for PBXNativeTarget "WLTF" */ = {
			isa = XCConfigurationList;
			buildConfigurations = (
				6A1AAB0827F9202A0084D06D /* Debug */,
				6A1AAB0927F9202A0084D06D /* Release */,
			);
			defaultConfigurationIsVisible = 0;
			defaultConfigurationName = Release;
		};
		6A1AAB0A27F9202A0084D06D /* Build configuration list for PBXNativeTarget "WLTFTests" */ = {
			isa = XCConfigurationList;
			buildConfigurations = (
				6A1AAB0B27F9202A0084D06D /* Debug */,
				6A1AAB0C27F9202A0084D06D /* Release */,
			);
			defaultConfigurationIsVisible = 0;
			defaultConfigurationName = Release;
		};
		6A1AAB0D27F9202A0084D06D /* Build configuration list for PBXNativeTarget "WLTFUITests" */ = {
			isa = XCConfigurationList;
			buildConfigurations = (
				6A1AAB0E27F9202A0084D06D /* Debug */,
				6A1AAB0F27F9202A0084D06D /* Release */,
			);
			defaultConfigurationIsVisible = 0;
			defaultConfigurationName = Release;
		};
/* End XCConfigurationList section */

/* Begin XCRemoteSwiftPackageReference section */
		8400B47E28180B3B000FAF99 /* XCRemoteSwiftPackageReference "SimpleToast" */ = {
			isa = XCRemoteSwiftPackageReference;
			repositoryURL = "https://github.com/sanzaru/SimpleToast";
			requirement = {
				kind = upToNextMajorVersion;
				minimumVersion = 0.6.2;
			};
		};
/* End XCRemoteSwiftPackageReference section */

/* Begin XCSwiftPackageProductDependency section */
		8400B47F28180B3B000FAF99 /* SimpleToast */ = {
			isa = XCSwiftPackageProductDependency;
			package = 8400B47E28180B3B000FAF99 /* XCRemoteSwiftPackageReference "SimpleToast" */;
			productName = SimpleToast;
		};
/* End XCSwiftPackageProductDependency section */

/* Begin XCVersionGroup section */
		84D5EBE628037DA200B15054 /* FoodModel.xcdatamodeld */ = {
			isa = XCVersionGroup;
			children = (
				84D5EBE728037DA200B15054 /* Food.xcdatamodel */,
			);
			currentVersion = 84D5EBE728037DA200B15054 /* Food.xcdatamodel */;
			path = FoodModel.xcdatamodeld;
			sourceTree = "<group>";
			versionGroupType = wrapper.xcdatamodel;
		};
/* End XCVersionGroup section */
	};
	rootObject = 6A1AAAD627F920280084D06D /* Project object */;
}
